
Microsoft Visual Studio Solution File, Format Version 12.00
# Visual Studio Version 17
VisualStudioVersion = 17.3.32825.248
MinimumVisualStudioVersion = 10.0.40219.1
Project("{9A19103F-16F7-4668-BE54-9A1E7A4F7556}") = "Deportivo.Common", "Deportivo.Common\Deportivo.Common.csproj", "{3BA7E58C-6D87-41B7-9F8E-81D8447BA715}"
EndProject
Project("{FAE04EC0-301F-11D3-BF4B-00C04F79EFBC}") = "Deportivo.Cross.Android", "Deportivo.Cross.Android\Deportivo.Cross.Android.csproj", "{2CA0E7BA-9952-4D64-B8FD-50554D82A1C7}"
EndProject
Project("{FAE04EC0-301F-11D3-BF4B-00C04F79EFBC}") = "Deportivo.Cross.IOS", "Deportivo.Cross.IOS\Deportivo.Cross.IOS.csproj", "{31F25BA2-7CB7-479E-93F7-7D1606E49EFB}"
EndProject
Project("{9A19103F-16F7-4668-BE54-9A1E7A4F7556}") = "Deportivo.Web", "Deportivo.Web\Deportivo.Web.csproj", "{78AAF727-F009-471B-A1A0-FA2CAD28CF38}"
EndProject
Project("{2150E333-8FDC-42A3-9474-1A3956D46DE8}") = "Solution Items", "Solution Items", "{3E28E409-0E87-4BE8-B2CB-F43D2FAC7346}"
	ProjectSection(SolutionItems) = preProject
		.editorconfig = .editorconfig
	EndProjectSection
EndProject
Project("{FAE04EC0-301F-11D3-BF4B-00C04F79EFBC}") = "Deportivo.Prism", "Deportivo.Prism\Deportivo.Prism\Deportivo.Prism.csproj", "{D5F679B2-8AD4-4FA0-B580-A58892F6F1E4}"
EndProject
Project("{FAE04EC0-301F-11D3-BF4B-00C04F79EFBC}") = "Deportivo.Prism.Android", "Deportivo.Prism\Deportivo.Prism.Android\Deportivo.Prism.Android.csproj", "{A5406E5E-82F9-4773-9854-6DD9A5CF9121}"
EndProject
Project("{FAE04EC0-301F-11D3-BF4B-00C04F79EFBC}") = "Deportivo.Prism.iOS", "Deportivo.Prism\Deportivo.Prism.iOS\Deportivo.Prism.iOS.csproj", "{7B79BB17-8B54-48AB-ACE6-8282E44D8568}"
EndProject
Global
	GlobalSection(SolutionConfigurationPlatforms) = preSolution
		Ad-Hoc|Any CPU = Ad-Hoc|Any CPU
		Ad-Hoc|iPhone = Ad-Hoc|iPhone
		Ad-Hoc|iPhoneSimulator = Ad-Hoc|iPhoneSimulator
		AppStore|Any CPU = AppStore|Any CPU
		AppStore|iPhone = AppStore|iPhone
		AppStore|iPhoneSimulator = AppStore|iPhoneSimulator
		Debug|Any CPU = Debug|Any CPU
		Debug|iPhone = Debug|iPhone
		Debug|iPhoneSimulator = Debug|iPhoneSimulator
		Release|Any CPU = Release|Any CPU
		Release|iPhone = Release|iPhone
		Release|iPhoneSimulator = Release|iPhoneSimulator
	EndGlobalSection
	GlobalSection(ProjectConfigurationPlatforms) = postSolution
		{3BA7E58C-6D87-41B7-9F8E-81D8447BA715}.Ad-Hoc|Any CPU.ActiveCfg = Release|Any CPU
		{3BA7E58C-6D87-41B7-9F8E-81D8447BA715}.Ad-Hoc|Any CPU.Build.0 = Release|Any CPU
		{3BA7E58C-6D87-41B7-9F8E-81D8447BA715}.Ad-Hoc|iPhone.ActiveCfg = Release|Any CPU
		{3BA7E58C-6D87-41B7-9F8E-81D8447BA715}.Ad-Hoc|iPhone.Build.0 = Release|Any CPU
		{3BA7E58C-6D87-41B7-9F8E-81D8447BA715}.Ad-Hoc|iPhoneSimulator.ActiveCfg = Release|Any CPU
		{3BA7E58C-6D87-41B7-9F8E-81D8447BA715}.Ad-Hoc|iPhoneSimulator.Build.0 = Release|Any CPU
		{3BA7E58C-6D87-41B7-9F8E-81D8447BA715}.AppStore|Any CPU.ActiveCfg = Release|Any CPU
		{3BA7E58C-6D87-41B7-9F8E-81D8447BA715}.AppStore|Any CPU.Build.0 = Release|Any CPU
		{3BA7E58C-6D87-41B7-9F8E-81D8447BA715}.AppStore|iPhone.ActiveCfg = Release|Any CPU
		{3BA7E58C-6D87-41B7-9F8E-81D8447BA715}.AppStore|iPhone.Build.0 = Release|Any CPU
		{3BA7E58C-6D87-41B7-9F8E-81D8447BA715}.AppStore|iPhoneSimulator.ActiveCfg = Release|Any CPU
		{3BA7E58C-6D87-41B7-9F8E-81D8447BA715}.AppStore|iPhoneSimulator.Build.0 = Release|Any CPU
		{3BA7E58C-6D87-41B7-9F8E-81D8447BA715}.Debug|Any CPU.ActiveCfg = Debug|Any CPU
		{3BA7E58C-6D87-41B7-9F8E-81D8447BA715}.Debug|Any CPU.Build.0 = Debug|Any CPU
		{3BA7E58C-6D87-41B7-9F8E-81D8447BA715}.Debug|iPhone.ActiveCfg = Debug|Any CPU
		{3BA7E58C-6D87-41B7-9F8E-81D8447BA715}.Debug|iPhone.Build.0 = Debug|Any CPU
		{3BA7E58C-6D87-41B7-9F8E-81D8447BA715}.Debug|iPhoneSimulator.ActiveCfg = Debug|Any CPU
		{3BA7E58C-6D87-41B7-9F8E-81D8447BA715}.Debug|iPhoneSimulator.Build.0 = Debug|Any CPU
		{3BA7E58C-6D87-41B7-9F8E-81D8447BA715}.Release|Any CPU.ActiveCfg = Release|Any CPU
		{3BA7E58C-6D87-41B7-9F8E-81D8447BA715}.Release|Any CPU.Build.0 = Release|Any CPU
		{3BA7E58C-6D87-41B7-9F8E-81D8447BA715}.Release|iPhone.ActiveCfg = Release|Any CPU
		{3BA7E58C-6D87-41B7-9F8E-81D8447BA715}.Release|iPhone.Build.0 = Release|Any CPU
		{3BA7E58C-6D87-41B7-9F8E-81D8447BA715}.Release|iPhoneSimulator.ActiveCfg = Release|Any CPU
		{3BA7E58C-6D87-41B7-9F8E-81D8447BA715}.Release|iPhoneSimulator.Build.0 = Release|Any CPU
		{2CA0E7BA-9952-4D64-B8FD-50554D82A1C7}.Ad-Hoc|Any CPU.ActiveCfg = Debug|Any CPU
		{2CA0E7BA-9952-4D64-B8FD-50554D82A1C7}.Ad-Hoc|Any CPU.Build.0 = Debug|Any CPU
		{2CA0E7BA-9952-4D64-B8FD-50554D82A1C7}.Ad-Hoc|Any CPU.Deploy.0 = Debug|Any CPU
		{2CA0E7BA-9952-4D64-B8FD-50554D82A1C7}.Ad-Hoc|iPhone.ActiveCfg = Debug|Any CPU
		{2CA0E7BA-9952-4D64-B8FD-50554D82A1C7}.Ad-Hoc|iPhone.Build.0 = Debug|Any CPU
		{2CA0E7BA-9952-4D64-B8FD-50554D82A1C7}.Ad-Hoc|iPhone.Deploy.0 = Debug|Any CPU
		{2CA0E7BA-9952-4D64-B8FD-50554D82A1C7}.Ad-Hoc|iPhoneSimulator.ActiveCfg = Debug|Any CPU
		{2CA0E7BA-9952-4D64-B8FD-50554D82A1C7}.Ad-Hoc|iPhoneSimulator.Build.0 = Debug|Any CPU
		{2CA0E7BA-9952-4D64-B8FD-50554D82A1C7}.Ad-Hoc|iPhoneSimulator.Deploy.0 = Debug|Any CPU
		{2CA0E7BA-9952-4D64-B8FD-50554D82A1C7}.AppStore|Any CPU.ActiveCfg = Debug|Any CPU
		{2CA0E7BA-9952-4D64-B8FD-50554D82A1C7}.AppStore|Any CPU.Build.0 = Debug|Any CPU
		{2CA0E7BA-9952-4D64-B8FD-50554D82A1C7}.AppStore|Any CPU.Deploy.0 = Debug|Any CPU
		{2CA0E7BA-9952-4D64-B8FD-50554D82A1C7}.AppStore|iPhone.ActiveCfg = Debug|Any CPU
		{2CA0E7BA-9952-4D64-B8FD-50554D82A1C7}.AppStore|iPhone.Build.0 = Debug|Any CPU
		{2CA0E7BA-9952-4D64-B8FD-50554D82A1C7}.AppStore|iPhone.Deploy.0 = Debug|Any CPU
		{2CA0E7BA-9952-4D64-B8FD-50554D82A1C7}.AppStore|iPhoneSimulator.ActiveCfg = Debug|Any CPU
		{2CA0E7BA-9952-4D64-B8FD-50554D82A1C7}.AppStore|iPhoneSimulator.Build.0 = Debug|Any CPU
		{2CA0E7BA-9952-4D64-B8FD-50554D82A1C7}.AppStore|iPhoneSimulator.Deploy.0 = Debug|Any CPU
		{2CA0E7BA-9952-4D64-B8FD-50554D82A1C7}.Debug|Any CPU.ActiveCfg = Debug|Any CPU
		{2CA0E7BA-9952-4D64-B8FD-50554D82A1C7}.Debug|Any CPU.Build.0 = Debug|Any CPU
		{2CA0E7BA-9952-4D64-B8FD-50554D82A1C7}.Debug|Any CPU.Deploy.0 = Debug|Any CPU
		{2CA0E7BA-9952-4D64-B8FD-50554D82A1C7}.Debug|iPhone.ActiveCfg = Debug|Any CPU
		{2CA0E7BA-9952-4D64-B8FD-50554D82A1C7}.Debug|iPhone.Build.0 = Debug|Any CPU
		{2CA0E7BA-9952-4D64-B8FD-50554D82A1C7}.Debug|iPhone.Deploy.0 = Debug|Any CPU
		{2CA0E7BA-9952-4D64-B8FD-50554D82A1C7}.Debug|iPhoneSimulator.ActiveCfg = Debug|Any CPU
		{2CA0E7BA-9952-4D64-B8FD-50554D82A1C7}.Debug|iPhoneSimulator.Build.0 = Debug|Any CPU
		{2CA0E7BA-9952-4D64-B8FD-50554D82A1C7}.Debug|iPhoneSimulator.Deploy.0 = Debug|Any CPU
		{2CA0E7BA-9952-4D64-B8FD-50554D82A1C7}.Release|Any CPU.ActiveCfg = Release|Any CPU
		{2CA0E7BA-9952-4D64-B8FD-50554D82A1C7}.Release|Any CPU.Build.0 = Release|Any CPU
		{2CA0E7BA-9952-4D64-B8FD-50554D82A1C7}.Release|Any CPU.Deploy.0 = Release|Any CPU
		{2CA0E7BA-9952-4D64-B8FD-50554D82A1C7}.Release|iPhone.ActiveCfg = Release|Any CPU
		{2CA0E7BA-9952-4D64-B8FD-50554D82A1C7}.Release|iPhone.Build.0 = Release|Any CPU
		{2CA0E7BA-9952-4D64-B8FD-50554D82A1C7}.Release|iPhone.Deploy.0 = Release|Any CPU
		{2CA0E7BA-9952-4D64-B8FD-50554D82A1C7}.Release|iPhoneSimulator.ActiveCfg = Release|Any CPU
		{2CA0E7BA-9952-4D64-B8FD-50554D82A1C7}.Release|iPhoneSimulator.Build.0 = Release|Any CPU
		{2CA0E7BA-9952-4D64-B8FD-50554D82A1C7}.Release|iPhoneSimulator.Deploy.0 = Release|Any CPU
		{31F25BA2-7CB7-479E-93F7-7D1606E49EFB}.Ad-Hoc|Any CPU.ActiveCfg = Debug|iPhoneSimulator
		{31F25BA2-7CB7-479E-93F7-7D1606E49EFB}.Ad-Hoc|Any CPU.Build.0 = Debug|iPhoneSimulator
		{31F25BA2-7CB7-479E-93F7-7D1606E49EFB}.Ad-Hoc|iPhone.ActiveCfg = Debug|iPhone
		{31F25BA2-7CB7-479E-93F7-7D1606E49EFB}.Ad-Hoc|iPhone.Build.0 = Debug|iPhone
		{31F25BA2-7CB7-479E-93F7-7D1606E49EFB}.Ad-Hoc|iPhoneSimulator.ActiveCfg = Debug|iPhoneSimulator
		{31F25BA2-7CB7-479E-93F7-7D1606E49EFB}.Ad-Hoc|iPhoneSimulator.Build.0 = Debug|iPhoneSimulator
		{31F25BA2-7CB7-479E-93F7-7D1606E49EFB}.AppStore|Any CPU.ActiveCfg = Debug|iPhoneSimulator
		{31F25BA2-7CB7-479E-93F7-7D1606E49EFB}.AppStore|Any CPU.Build.0 = Debug|iPhoneSimulator
		{31F25BA2-7CB7-479E-93F7-7D1606E49EFB}.AppStore|iPhone.ActiveCfg = Debug|iPhone
		{31F25BA2-7CB7-479E-93F7-7D1606E49EFB}.AppStore|iPhone.Build.0 = Debug|iPhone
		{31F25BA2-7CB7-479E-93F7-7D1606E49EFB}.AppStore|iPhoneSimulator.ActiveCfg = Debug|iPhoneSimulator
		{31F25BA2-7CB7-479E-93F7-7D1606E49EFB}.AppStore|iPhoneSimulator.Build.0 = Debug|iPhoneSimulator
		{31F25BA2-7CB7-479E-93F7-7D1606E49EFB}.Debug|Any CPU.ActiveCfg = Debug|iPhoneSimulator
		{31F25BA2-7CB7-479E-93F7-7D1606E49EFB}.Debug|Any CPU.Build.0 = Debug|iPhoneSimulator
		{31F25BA2-7CB7-479E-93F7-7D1606E49EFB}.Debug|iPhone.ActiveCfg = Debug|iPhone
		{31F25BA2-7CB7-479E-93F7-7D1606E49EFB}.Debug|iPhone.Build.0 = Debug|iPhone
		{31F25BA2-7CB7-479E-93F7-7D1606E49EFB}.Debug|iPhoneSimulator.ActiveCfg = Debug|iPhoneSimulator
		{31F25BA2-7CB7-479E-93F7-7D1606E49EFB}.Debug|iPhoneSimulator.Build.0 = Debug|iPhoneSimulator
		{31F25BA2-7CB7-479E-93F7-7D1606E49EFB}.Release|Any CPU.ActiveCfg = Release|iPhoneSimulator
		{31F25BA2-7CB7-479E-93F7-7D1606E49EFB}.Release|Any CPU.Build.0 = Release|iPhoneSimulator
		{31F25BA2-7CB7-479E-93F7-7D1606E49EFB}.Release|iPhone.ActiveCfg = Release|iPhone
		{31F25BA2-7CB7-479E-93F7-7D1606E49EFB}.Release|iPhone.Build.0 = Release|iPhone
		{31F25BA2-7CB7-479E-93F7-7D1606E49EFB}.Release|iPhoneSimulator.ActiveCfg = Release|iPhoneSimulator
		{31F25BA2-7CB7-479E-93F7-7D1606E49EFB}.Release|iPhoneSimulator.Build.0 = Release|iPhoneSimulator
		{78AAF727-F009-471B-A1A0-FA2CAD28CF38}.Ad-Hoc|Any CPU.ActiveCfg = Debug|Any CPU
		{78AAF727-F009-471B-A1A0-FA2CAD28CF38}.Ad-Hoc|Any CPU.Build.0 = Debug|Any CPU
		{78AAF727-F009-471B-A1A0-FA2CAD28CF38}.Ad-Hoc|iPhone.ActiveCfg = Debug|Any CPU
		{78AAF727-F009-471B-A1A0-FA2CAD28CF38}.Ad-Hoc|iPhone.Build.0 = Debug|Any CPU
		{78AAF727-F009-471B-A1A0-FA2CAD28CF38}.Ad-Hoc|iPhoneSimulator.ActiveCfg = Debug|Any CPU
		{78AAF727-F009-471B-A1A0-FA2CAD28CF38}.Ad-Hoc|iPhoneSimulator.Build.0 = Debug|Any CPU
		{78AAF727-F009-471B-A1A0-FA2CAD28CF38}.AppStore|Any CPU.ActiveCfg = Debug|Any CPU
		{78AAF727-F009-471B-A1A0-FA2CAD28CF38}.AppStore|Any CPU.Build.0 = Debug|Any CPU
		{78AAF727-F009-471B-A1A0-FA2CAD28CF38}.AppStore|iPhone.ActiveCfg = Debug|Any CPU
		{78AAF727-F009-471B-A1A0-FA2CAD28CF38}.AppStore|iPhone.Build.0 = Debug|Any CPU
		{78AAF727-F009-471B-A1A0-FA2CAD28CF38}.AppStore|iPhoneSimulator.ActiveCfg = Debug|Any CPU
		{78AAF727-F009-471B-A1A0-FA2CAD28CF38}.AppStore|iPhoneSimulator.Build.0 = Debug|Any CPU
		{78AAF727-F009-471B-A1A0-FA2CAD28CF38}.Debug|Any CPU.ActiveCfg = Debug|Any CPU
		{78AAF727-F009-471B-A1A0-FA2CAD28CF38}.Debug|Any CPU.Build.0 = Debug|Any CPU
		{78AAF727-F009-471B-A1A0-FA2CAD28CF38}.Debug|iPhone.ActiveCfg = Debug|Any CPU
		{78AAF727-F009-471B-A1A0-FA2CAD28CF38}.Debug|iPhone.Build.0 = Debug|Any CPU
		{78AAF727-F009-471B-A1A0-FA2CAD28CF38}.Debug|iPhoneSimulator.ActiveCfg = Debug|Any CPU
		{78AAF727-F009-471B-A1A0-FA2CAD28CF38}.Debug|iPhoneSimulator.Build.0 = Debug|Any CPU
		{78AAF727-F009-471B-A1A0-FA2CAD28CF38}.Release|Any CPU.ActiveCfg = Release|Any CPU
		{78AAF727-F009-471B-A1A0-FA2CAD28CF38}.Release|Any CPU.Build.0 = Release|Any CPU
		{78AAF727-F009-471B-A1A0-FA2CAD28CF38}.Release|iPhone.ActiveCfg = Release|Any CPU
		{78AAF727-F009-471B-A1A0-FA2CAD28CF38}.Release|iPhone.Build.0 = Release|Any CPU
		{78AAF727-F009-471B-A1A0-FA2CAD28CF38}.Release|iPhoneSimulator.ActiveCfg = Release|Any CPU
		{78AAF727-F009-471B-A1A0-FA2CAD28CF38}.Release|iPhoneSimulator.Build.0 = Release|Any CPU
		{D5F679B2-8AD4-4FA0-B580-A58892F6F1E4}.Ad-Hoc|Any CPU.ActiveCfg = Debug|Any CPU
		{D5F679B2-8AD4-4FA0-B580-A58892F6F1E4}.Ad-Hoc|Any CPU.Build.0 = Debug|Any CPU
		{D5F679B2-8AD4-4FA0-B580-A58892F6F1E4}.Ad-Hoc|iPhone.ActiveCfg = Debug|Any CPU
		{D5F679B2-8AD4-4FA0-B580-A58892F6F1E4}.Ad-Hoc|iPhone.Build.0 = Debug|Any CPU
		{D5F679B2-8AD4-4FA0-B580-A58892F6F1E4}.Ad-Hoc|iPhoneSimulator.ActiveCfg = Debug|Any CPU
		{D5F679B2-8AD4-4FA0-B580-A58892F6F1E4}.Ad-Hoc|iPhoneSimulator.Build.0 = Debug|Any CPU
		{D5F679B2-8AD4-4FA0-B580-A58892F6F1E4}.AppStore|Any CPU.ActiveCfg = Debug|Any CPU
		{D5F679B2-8AD4-4FA0-B580-A58892F6F1E4}.AppStore|Any CPU.Build.0 = Debug|Any CPU
		{D5F679B2-8AD4-4FA0-B580-A58892F6F1E4}.AppStore|iPhone.ActiveCfg = Debug|Any CPU
		{D5F679B2-8AD4-4FA0-B580-A58892F6F1E4}.AppStore|iPhone.Build.0 = Debug|Any CPU
		{D5F679B2-8AD4-4FA0-B580-A58892F6F1E4}.AppStore|iPhoneSimulator.ActiveCfg = Debug|Any CPU
		{D5F679B2-8AD4-4FA0-B580-A58892F6F1E4}.AppStore|iPhoneSimulator.Build.0 = Debug|Any CPU
		{D5F679B2-8AD4-4FA0-B580-A58892F6F1E4}.Debug|Any CPU.ActiveCfg = Debug|Any CPU
		{D5F679B2-8AD4-4FA0-B580-A58892F6F1E4}.Debug|Any CPU.Build.0 = Debug|Any CPU
		{D5F679B2-8AD4-4FA0-B580-A58892F6F1E4}.Debug|iPhone.ActiveCfg = Debug|Any CPU
		{D5F679B2-8AD4-4FA0-B580-A58892F6F1E4}.Debug|iPhone.Build.0 = Debug|Any CPU
		{D5F679B2-8AD4-4FA0-B580-A58892F6F1E4}.Debug|iPhoneSimulator.ActiveCfg = Debug|Any CPU
		{D5F679B2-8AD4-4FA0-B580-A58892F6F1E4}.Debug|iPhoneSimulator.Build.0 = Debug|Any CPU
		{D5F679B2-8AD4-4FA0-B580-A58892F6F1E4}.Release|Any CPU.ActiveCfg = Release|Any CPU
		{D5F679B2-8AD4-4FA0-B580-A58892F6F1E4}.Release|Any CPU.Build.0 = Release|Any CPU
		{D5F679B2-8AD4-4FA0-B580-A58892F6F1E4}.Release|iPhone.ActiveCfg = Release|Any CPU
		{D5F679B2-8AD4-4FA0-B580-A58892F6F1E4}.Release|iPhone.Build.0 = Release|Any CPU
		{D5F679B2-8AD4-4FA0-B580-A58892F6F1E4}.Release|iPhoneSimulator.ActiveCfg = Release|Any CPU
		{D5F679B2-8AD4-4FA0-B580-A58892F6F1E4}.Release|iPhoneSimulator.Build.0 = Release|Any CPU
		{A5406E5E-82F9-4773-9854-6DD9A5CF9121}.Ad-Hoc|Any CPU.ActiveCfg = Debug|Any CPU
		{A5406E5E-82F9-4773-9854-6DD9A5CF9121}.Ad-Hoc|Any CPU.Build.0 = Debug|Any CPU
		{A5406E5E-82F9-4773-9854-6DD9A5CF9121}.Ad-Hoc|Any CPU.Deploy.0 = Debug|Any CPU
		{A5406E5E-82F9-4773-9854-6DD9A5CF9121}.Ad-Hoc|iPhone.ActiveCfg = Debug|Any CPU
		{A5406E5E-82F9-4773-9854-6DD9A5CF9121}.Ad-Hoc|iPhone.Build.0 = Debug|Any CPU
		{A5406E5E-82F9-4773-9854-6DD9A5CF9121}.Ad-Hoc|iPhone.Deploy.0 = Debug|Any CPU
		{A5406E5E-82F9-4773-9854-6DD9A5CF9121}.Ad-Hoc|iPhoneSimulator.ActiveCfg = Debug|Any CPU
		{A5406E5E-82F9-4773-9854-6DD9A5CF9121}.Ad-Hoc|iPhoneSimulator.Build.0 = Debug|Any CPU
		{A5406E5E-82F9-4773-9854-6DD9A5CF9121}.Ad-Hoc|iPhoneSimulator.Deploy.0 = Debug|Any CPU
		{A5406E5E-82F9-4773-9854-6DD9A5CF9121}.AppStore|Any CPU.ActiveCfg = Debug|Any CPU
		{A5406E5E-82F9-4773-9854-6DD9A5CF9121}.AppStore|Any CPU.Build.0 = Debug|Any CPU
		{A5406E5E-82F9-4773-9854-6DD9A5CF9121}.AppStore|Any CPU.Deploy.0 = Debug|Any CPU
		{A5406E5E-82F9-4773-9854-6DD9A5CF9121}.AppStore|iPhone.ActiveCfg = Debug|Any CPU
		{A5406E5E-82F9-4773-9854-6DD9A5CF9121}.AppStore|iPhone.Build.0 = Debug|Any CPU
		{A5406E5E-82F9-4773-9854-6DD9A5CF9121}.AppStore|iPhone.Deploy.0 = Debug|Any CPU
		{A5406E5E-82F9-4773-9854-6DD9A5CF9121}.AppStore|iPhoneSimulator.ActiveCfg = Debug|Any CPU
		{A5406E5E-82F9-4773-9854-6DD9A5CF9121}.AppStore|iPhoneSimulator.Build.0 = Debug|Any CPU
		{A5406E5E-82F9-4773-9854-6DD9A5CF9121}.AppStore|iPhoneSimulator.Deploy.0 = Debug|Any CPU
		{A5406E5E-82F9-4773-9854-6DD9A5CF9121}.Debug|Any CPU.ActiveCfg = Debug|Any CPU
		{A5406E5E-82F9-4773-9854-6DD9A5CF9121}.Debug|Any CPU.Build.0 = Debug|Any CPU
		{A5406E5E-82F9-4773-9854-6DD9A5CF9121}.Debug|Any CPU.Deploy.0 = Debug|Any CPU
		{A5406E5E-82F9-4773-9854-6DD9A5CF9121}.Debug|iPhone.ActiveCfg = Debug|Any CPU
		{A5406E5E-82F9-4773-9854-6DD9A5CF9121}.Debug|iPhone.Build.0 = Debug|Any CPU
		{A5406E5E-82F9-4773-9854-6DD9A5CF9121}.Debug|iPhone.Deploy.0 = Debug|Any CPU
		{A5406E5E-82F9-4773-9854-6DD9A5CF9121}.Debug|iPhoneSimulator.ActiveCfg = Debug|Any CPU
		{A5406E5E-82F9-4773-9854-6DD9A5CF9121}.Debug|iPhoneSimulator.Build.0 = Debug|Any CPU
		{A5406E5E-82F9-4773-9854-6DD9A5CF9121}.Debug|iPhoneSimulator.Deploy.0 = Debug|Any CPU
		{A5406E5E-82F9-4773-9854-6DD9A5CF9121}.Release|Any CPU.ActiveCfg = Release|Any CPU
		{A5406E5E-82F9-4773-9854-6DD9A5CF9121}.Release|Any CPU.Build.0 = Release|Any CPU
		{A5406E5E-82F9-4773-9854-6DD9A5CF9121}.Release|Any CPU.Deploy.0 = Release|Any CPU
		{A5406E5E-82F9-4773-9854-6DD9A5CF9121}.Release|iPhone.ActiveCfg = Release|Any CPU
		{A5406E5E-82F9-4773-9854-6DD9A5CF9121}.Release|iPhone.Build.0 = Release|Any CPU
		{A5406E5E-82F9-4773-9854-6DD9A5CF9121}.Release|iPhone.Deploy.0 = Release|Any CPU
		{A5406E5E-82F9-4773-9854-6DD9A5CF9121}.Release|iPhoneSimulator.ActiveCfg = Release|Any CPU
		{A5406E5E-82F9-4773-9854-6DD9A5CF9121}.Release|iPhoneSimulator.Build.0 = Release|Any CPU
		{A5406E5E-82F9-4773-9854-6DD9A5CF9121}.Release|iPhoneSimulator.Deploy.0 = Release|Any CPU
		{7B79BB17-8B54-48AB-ACE6-8282E44D8568}.Ad-Hoc|Any CPU.ActiveCfg = Ad-Hoc|iPhoneSimulator
		{7B79BB17-8B54-48AB-ACE6-8282E44D8568}.Ad-Hoc|Any CPU.Build.0 = Ad-Hoc|iPhoneSimulator
		{7B79BB17-8B54-48AB-ACE6-8282E44D8568}.Ad-Hoc|iPhone.ActiveCfg = Ad-Hoc|iPhone
		{7B79BB17-8B54-48AB-ACE6-8282E44D8568}.Ad-Hoc|iPhone.Build.0 = Ad-Hoc|iPhone
		{7B79BB17-8B54-48AB-ACE6-8282E44D8568}.Ad-Hoc|iPhoneSimulator.ActiveCfg = Ad-Hoc|iPhoneSimulator
		{7B79BB17-8B54-48AB-ACE6-8282E44D8568}.Ad-Hoc|iPhoneSimulator.Build.0 = Ad-Hoc|iPhoneSimulator
		{7B79BB17-8B54-48AB-ACE6-8282E44D8568}.AppStore|Any CPU.ActiveCfg = AppStore|iPhoneSimulator
		{7B79BB17-8B54-48AB-ACE6-8282E44D8568}.AppStore|Any CPU.Build.0 = AppStore|iPhoneSimulator
		{7B79BB17-8B54-48AB-ACE6-8282E44D8568}.AppStore|iPhone.ActiveCfg = AppStore|iPhone
		{7B79BB17-8B54-48AB-ACE6-8282E44D8568}.AppStore|iPhone.Build.0 = AppStore|iPhone
		{7B79BB17-8B54-48AB-ACE6-8282E44D8568}.AppStore|iPhoneSimulator.ActiveCfg = AppStore|iPhoneSimulator
		{7B79BB17-8B54-48AB-ACE6-8282E44D8568}.AppStore|iPhoneSimulator.Build.0 = AppStore|iPhoneSimulator
		{7B79BB17-8B54-48AB-ACE6-8282E44D8568}.Debug|Any CPU.ActiveCfg = Debug|iPhoneSimulator
		{7B79BB17-8B54-48AB-ACE6-8282E44D8568}.Debug|Any CPU.Build.0 = Debug|iPhoneSimulator
		{7B79BB17-8B54-48AB-ACE6-8282E44D8568}.Debug|iPhone.ActiveCfg = Debug|iPhone
		{7B79BB17-8B54-48AB-ACE6-8282E44D8568}.Debug|iPhone.Build.0 = Debug|iPhone
		{7B79BB17-8B54-48AB-ACE6-8282E44D8568}.Debug|iPhoneSimulator.ActiveCfg = Debug|iPhoneSimulator
		{7B79BB17-8B54-48AB-ACE6-8282E44D8568}.Debug|iPhoneSimulator.Build.0 = Debug|iPhoneSimulator
		{7B79BB17-8B54-48AB-ACE6-8282E44D8568}.Release|Any CPU.ActiveCfg = Release|iPhoneSimulator
		{7B79BB17-8B54-48AB-ACE6-8282E44D8568}.Release|Any CPU.Build.0 = Release|iPhoneSimulator
		{7B79BB17-8B54-48AB-ACE6-8282E44D8568}.Release|iPhone.ActiveCfg = Release|iPhone
		{7B79BB17-8B54-48AB-ACE6-8282E44D8568}.Release|iPhone.Build.0 = Release|iPhone
		{7B79BB17-8B54-48AB-ACE6-8282E44D8568}.Release|iPhoneSimulator.ActiveCfg = Release|iPhoneSimulator
		{7B79BB17-8B54-48AB-ACE6-8282E44D8568}.Release|iPhoneSimulator.Build.0 = Release|iPhoneSimulator
	EndGlobalSection
	GlobalSection(SolutionProperties) = preSolution
		HideSolutionNode = FALSE
	EndGlobalSection
	GlobalSection(ExtensibilityGlobals) = postSolution
		SolutionGuid = {21EA537B-1339-499D-AEA7-4016AF721DDA}
	EndGlobalSection
EndGlobal
